
Microsoft Visual Studio Solution File, Format Version 12.00
# Visual Studio 14
VisualStudioVersion = 14.0.25420.1
MinimumVisualStudioVersion = 10.0.40219.1
Project("{FAE04EC0-301F-11D3-BF4B-00C04F79EFBC}") = "CarsExample.Droid", "CarsExample\CarsExample.Droid\CarsExample.Droid.csproj", "{A7061D0C-F325-4B26-94DA-DB6E43224FBA}"
EndProject
Project("{FAE04EC0-301F-11D3-BF4B-00C04F79EFBC}") = "CarsExample", "CarsExample\CarsExample\CarsExample.csproj", "{3B2428E8-44BE-49B3-981E-82693B752BFB}"
EndProject
Project("{FAE04EC0-301F-11D3-BF4B-00C04F79EFBC}") = "CarsExample.UWP", "CarsExample\CarsExample.UWP\CarsExample.UWP.csproj", "{D72AA9B5-386C-4B06-A5E5-8B2A851E21E8}"
EndProject
Project("{FAE04EC0-301F-11D3-BF4B-00C04F79EFBC}") = "CarsExample.iOS", "CarsExample\CarsExample.iOS\CarsExample.iOS.csproj", "{4A1A25A9-3CF2-403C-9EA6-E5BA318610AD}"
EndProject
Global
	GlobalSection(SolutionConfigurationPlatforms) = preSolution
		Ad-Hoc|Any CPU = Ad-Hoc|Any CPU
		Ad-Hoc|ARM = Ad-Hoc|ARM
		Ad-Hoc|iPhone = Ad-Hoc|iPhone
		Ad-Hoc|iPhoneSimulator = Ad-Hoc|iPhoneSimulator
		Ad-Hoc|x64 = Ad-Hoc|x64
		Ad-Hoc|x86 = Ad-Hoc|x86
		AppStore|Any CPU = AppStore|Any CPU
		AppStore|ARM = AppStore|ARM
		AppStore|iPhone = AppStore|iPhone
		AppStore|iPhoneSimulator = AppStore|iPhoneSimulator
		AppStore|x64 = AppStore|x64
		AppStore|x86 = AppStore|x86
		Debug|Any CPU = Debug|Any CPU
		Debug|ARM = Debug|ARM
		Debug|iPhone = Debug|iPhone
		Debug|iPhoneSimulator = Debug|iPhoneSimulator
		Debug|x64 = Debug|x64
		Debug|x86 = Debug|x86
		Release|Any CPU = Release|Any CPU
		Release|ARM = Release|ARM
		Release|iPhone = Release|iPhone
		Release|iPhoneSimulator = Release|iPhoneSimulator
		Release|x64 = Release|x64
		Release|x86 = Release|x86
	EndGlobalSection
	GlobalSection(ProjectConfigurationPlatforms) = postSolution
		{A7061D0C-F325-4B26-94DA-DB6E43224FBA}.Ad-Hoc|Any CPU.ActiveCfg = Release|Any CPU
		{A7061D0C-F325-4B26-94DA-DB6E43224FBA}.Ad-Hoc|Any CPU.Build.0 = Release|Any CPU
		{A7061D0C-F325-4B26-94DA-DB6E43224FBA}.Ad-Hoc|Any CPU.Deploy.0 = Release|Any CPU
		{A7061D0C-F325-4B26-94DA-DB6E43224FBA}.Ad-Hoc|ARM.ActiveCfg = Release|Any CPU
		{A7061D0C-F325-4B26-94DA-DB6E43224FBA}.Ad-Hoc|ARM.Build.0 = Release|Any CPU
		{A7061D0C-F325-4B26-94DA-DB6E43224FBA}.Ad-Hoc|ARM.Deploy.0 = Release|Any CPU
		{A7061D0C-F325-4B26-94DA-DB6E43224FBA}.Ad-Hoc|iPhone.ActiveCfg = Release|Any CPU
		{A7061D0C-F325-4B26-94DA-DB6E43224FBA}.Ad-Hoc|iPhone.Build.0 = Release|Any CPU
		{A7061D0C-F325-4B26-94DA-DB6E43224FBA}.Ad-Hoc|iPhone.Deploy.0 = Release|Any CPU
		{A7061D0C-F325-4B26-94DA-DB6E43224FBA}.Ad-Hoc|iPhoneSimulator.ActiveCfg = Release|Any CPU
		{A7061D0C-F325-4B26-94DA-DB6E43224FBA}.Ad-Hoc|iPhoneSimulator.Build.0 = Release|Any CPU
		{A7061D0C-F325-4B26-94DA-DB6E43224FBA}.Ad-Hoc|iPhoneSimulator.Deploy.0 = Release|Any CPU
		{A7061D0C-F325-4B26-94DA-DB6E43224FBA}.Ad-Hoc|x64.ActiveCfg = Release|Any CPU
		{A7061D0C-F325-4B26-94DA-DB6E43224FBA}.Ad-Hoc|x64.Build.0 = Release|Any CPU
		{A7061D0C-F325-4B26-94DA-DB6E43224FBA}.Ad-Hoc|x64.Deploy.0 = Release|Any CPU
		{A7061D0C-F325-4B26-94DA-DB6E43224FBA}.Ad-Hoc|x86.ActiveCfg = Release|Any CPU
		{A7061D0C-F325-4B26-94DA-DB6E43224FBA}.Ad-Hoc|x86.Build.0 = Release|Any CPU
		{A7061D0C-F325-4B26-94DA-DB6E43224FBA}.Ad-Hoc|x86.Deploy.0 = Release|Any CPU
		{A7061D0C-F325-4B26-94DA-DB6E43224FBA}.AppStore|Any CPU.ActiveCfg = Release|Any CPU
		{A7061D0C-F325-4B26-94DA-DB6E43224FBA}.AppStore|Any CPU.Build.0 = Release|Any CPU
		{A7061D0C-F325-4B26-94DA-DB6E43224FBA}.AppStore|Any CPU.Deploy.0 = Release|Any CPU
		{A7061D0C-F325-4B26-94DA-DB6E43224FBA}.AppStore|ARM.ActiveCfg = Release|Any CPU
		{A7061D0C-F325-4B26-94DA-DB6E43224FBA}.AppStore|ARM.Build.0 = Release|Any CPU
		{A7061D0C-F325-4B26-94DA-DB6E43224FBA}.AppStore|ARM.Deploy.0 = Release|Any CPU
		{A7061D0C-F325-4B26-94DA-DB6E43224FBA}.AppStore|iPhone.ActiveCfg = Release|Any CPU
		{A7061D0C-F325-4B26-94DA-DB6E43224FBA}.AppStore|iPhone.Build.0 = Release|Any CPU
		{A7061D0C-F325-4B26-94DA-DB6E43224FBA}.AppStore|iPhone.Deploy.0 = Release|Any CPU
		{A7061D0C-F325-4B26-94DA-DB6E43224FBA}.AppStore|iPhoneSimulator.ActiveCfg = Release|Any CPU
		{A7061D0C-F325-4B26-94DA-DB6E43224FBA}.AppStore|iPhoneSimulator.Build.0 = Release|Any CPU
		{A7061D0C-F325-4B26-94DA-DB6E43224FBA}.AppStore|iPhoneSimulator.Deploy.0 = Release|Any CPU
		{A7061D0C-F325-4B26-94DA-DB6E43224FBA}.AppStore|x64.ActiveCfg = Release|Any CPU
		{A7061D0C-F325-4B26-94DA-DB6E43224FBA}.AppStore|x64.Build.0 = Release|Any CPU
		{A7061D0C-F325-4B26-94DA-DB6E43224FBA}.AppStore|x64.Deploy.0 = Release|Any CPU
		{A7061D0C-F325-4B26-94DA-DB6E43224FBA}.AppStore|x86.ActiveCfg = Release|Any CPU
		{A7061D0C-F325-4B26-94DA-DB6E43224FBA}.AppStore|x86.Build.0 = Release|Any CPU
		{A7061D0C-F325-4B26-94DA-DB6E43224FBA}.AppStore|x86.Deploy.0 = Release|Any CPU
		{A7061D0C-F325-4B26-94DA-DB6E43224FBA}.Debug|Any CPU.ActiveCfg = Debug|Any CPU
		{A7061D0C-F325-4B26-94DA-DB6E43224FBA}.Debug|Any CPU.Build.0 = Debug|Any CPU
		{A7061D0C-F325-4B26-94DA-DB6E43224FBA}.Debug|Any CPU.Deploy.0 = Debug|Any CPU
		{A7061D0C-F325-4B26-94DA-DB6E43224FBA}.Debug|ARM.ActiveCfg = Debug|Any CPU
		{A7061D0C-F325-4B26-94DA-DB6E43224FBA}.Debug|ARM.Build.0 = Debug|Any CPU
		{A7061D0C-F325-4B26-94DA-DB6E43224FBA}.Debug|ARM.Deploy.0 = Debug|Any CPU
		{A7061D0C-F325-4B26-94DA-DB6E43224FBA}.Debug|iPhone.ActiveCfg = Debug|Any CPU
		{A7061D0C-F325-4B26-94DA-DB6E43224FBA}.Debug|iPhone.Build.0 = Debug|Any CPU
		{A7061D0C-F325-4B26-94DA-DB6E43224FBA}.Debug|iPhone.Deploy.0 = Debug|Any CPU
		{A7061D0C-F325-4B26-94DA-DB6E43224FBA}.Debug|iPhoneSimulator.ActiveCfg = Debug|Any CPU
		{A7061D0C-F325-4B26-94DA-DB6E43224FBA}.Debug|iPhoneSimulator.Build.0 = Debug|Any CPU
		{A7061D0C-F325-4B26-94DA-DB6E43224FBA}.Debug|iPhoneSimulator.Deploy.0 = Debug|Any CPU
		{A7061D0C-F325-4B26-94DA-DB6E43224FBA}.Debug|x64.ActiveCfg = Debug|Any CPU
		{A7061D0C-F325-4B26-94DA-DB6E43224FBA}.Debug|x64.Build.0 = Debug|Any CPU
		{A7061D0C-F325-4B26-94DA-DB6E43224FBA}.Debug|x64.Deploy.0 = Debug|Any CPU
		{A7061D0C-F325-4B26-94DA-DB6E43224FBA}.Debug|x86.ActiveCfg = Debug|Any CPU
		{A7061D0C-F325-4B26-94DA-DB6E43224FBA}.Debug|x86.Build.0 = Debug|Any CPU
		{A7061D0C-F325-4B26-94DA-DB6E43224FBA}.Debug|x86.Deploy.0 = Debug|Any CPU
		{A7061D0C-F325-4B26-94DA-DB6E43224FBA}.Release|Any CPU.ActiveCfg = Release|Any CPU
		{A7061D0C-F325-4B26-94DA-DB6E43224FBA}.Release|Any CPU.Build.0 = Release|Any CPU
		{A7061D0C-F325-4B26-94DA-DB6E43224FBA}.Release|Any CPU.Deploy.0 = Release|Any CPU
		{A7061D0C-F325-4B26-94DA-DB6E43224FBA}.Release|ARM.ActiveCfg = Release|Any CPU
		{A7061D0C-F325-4B26-94DA-DB6E43224FBA}.Release|ARM.Build.0 = Release|Any CPU
		{A7061D0C-F325-4B26-94DA-DB6E43224FBA}.Release|ARM.Deploy.0 = Release|Any CPU
		{A7061D0C-F325-4B26-94DA-DB6E43224FBA}.Release|iPhone.ActiveCfg = Release|Any CPU
		{A7061D0C-F325-4B26-94DA-DB6E43224FBA}.Release|iPhone.Build.0 = Release|Any CPU
		{A7061D0C-F325-4B26-94DA-DB6E43224FBA}.Release|iPhone.Deploy.0 = Release|Any CPU
		{A7061D0C-F325-4B26-94DA-DB6E43224FBA}.Release|iPhoneSimulator.ActiveCfg = Release|Any CPU
		{A7061D0C-F325-4B26-94DA-DB6E43224FBA}.Release|iPhoneSimulator.Build.0 = Release|Any CPU
		{A7061D0C-F325-4B26-94DA-DB6E43224FBA}.Release|iPhoneSimulator.Deploy.0 = Release|Any CPU
		{A7061D0C-F325-4B26-94DA-DB6E43224FBA}.Release|x64.ActiveCfg = Release|Any CPU
		{A7061D0C-F325-4B26-94DA-DB6E43224FBA}.Release|x64.Build.0 = Release|Any CPU
		{A7061D0C-F325-4B26-94DA-DB6E43224FBA}.Release|x64.Deploy.0 = Release|Any CPU
		{A7061D0C-F325-4B26-94DA-DB6E43224FBA}.Release|x86.ActiveCfg = Release|Any CPU
		{A7061D0C-F325-4B26-94DA-DB6E43224FBA}.Release|x86.Build.0 = Release|Any CPU
		{A7061D0C-F325-4B26-94DA-DB6E43224FBA}.Release|x86.Deploy.0 = Release|Any CPU
		{3B2428E8-44BE-49B3-981E-82693B752BFB}.Ad-Hoc|Any CPU.ActiveCfg = Release|Any CPU
		{3B2428E8-44BE-49B3-981E-82693B752BFB}.Ad-Hoc|Any CPU.Build.0 = Release|Any CPU
		{3B2428E8-44BE-49B3-981E-82693B752BFB}.Ad-Hoc|ARM.ActiveCfg = Release|Any CPU
		{3B2428E8-44BE-49B3-981E-82693B752BFB}.Ad-Hoc|ARM.Build.0 = Release|Any CPU
		{3B2428E8-44BE-49B3-981E-82693B752BFB}.Ad-Hoc|iPhone.ActiveCfg = Release|Any CPU
		{3B2428E8-44BE-49B3-981E-82693B752BFB}.Ad-Hoc|iPhone.Build.0 = Release|Any CPU
		{3B2428E8-44BE-49B3-981E-82693B752BFB}.Ad-Hoc|iPhoneSimulator.ActiveCfg = Release|Any CPU
		{3B2428E8-44BE-49B3-981E-82693B752BFB}.Ad-Hoc|iPhoneSimulator.Build.0 = Release|Any CPU
		{3B2428E8-44BE-49B3-981E-82693B752BFB}.Ad-Hoc|x64.ActiveCfg = Release|Any CPU
		{3B2428E8-44BE-49B3-981E-82693B752BFB}.Ad-Hoc|x64.Build.0 = Release|Any CPU
		{3B2428E8-44BE-49B3-981E-82693B752BFB}.Ad-Hoc|x86.ActiveCfg = Release|Any CPU
		{3B2428E8-44BE-49B3-981E-82693B752BFB}.Ad-Hoc|x86.Build.0 = Release|Any CPU
		{3B2428E8-44BE-49B3-981E-82693B752BFB}.AppStore|Any CPU.ActiveCfg = Release|Any CPU
		{3B2428E8-44BE-49B3-981E-82693B752BFB}.AppStore|Any CPU.Build.0 = Release|Any CPU
		{3B2428E8-44BE-49B3-981E-82693B752BFB}.AppStore|ARM.ActiveCfg = Release|Any CPU
		{3B2428E8-44BE-49B3-981E-82693B752BFB}.AppStore|ARM.Build.0 = Release|Any CPU
		{3B2428E8-44BE-49B3-981E-82693B752BFB}.AppStore|iPhone.ActiveCfg = Release|Any CPU
		{3B2428E8-44BE-49B3-981E-82693B752BFB}.AppStore|iPhone.Build.0 = Release|Any CPU
		{3B2428E8-44BE-49B3-981E-82693B752BFB}.AppStore|iPhoneSimulator.ActiveCfg = Release|Any CPU
		{3B2428E8-44BE-49B3-981E-82693B752BFB}.AppStore|iPhoneSimulator.Build.0 = Release|Any CPU
		{3B2428E8-44BE-49B3-981E-82693B752BFB}.AppStore|x64.ActiveCfg = Release|Any CPU
		{3B2428E8-44BE-49B3-981E-82693B752BFB}.AppStore|x64.Build.0 = Release|Any CPU
		{3B2428E8-44BE-49B3-981E-82693B752BFB}.AppStore|x86.ActiveCfg = Release|Any CPU
		{3B2428E8-44BE-49B3-981E-82693B752BFB}.AppStore|x86.Build.0 = Release|Any CPU
		{3B2428E8-44BE-49B3-981E-82693B752BFB}.Debug|Any CPU.ActiveCfg = Debug|Any CPU
		{3B2428E8-44BE-49B3-981E-82693B752BFB}.Debug|Any CPU.Build.0 = Debug|Any CPU
		{3B2428E8-44BE-49B3-981E-82693B752BFB}.Debug|ARM.ActiveCfg = Debug|Any CPU
		{3B2428E8-44BE-49B3-981E-82693B752BFB}.Debug|ARM.Build.0 = Debug|Any CPU
		{3B2428E8-44BE-49B3-981E-82693B752BFB}.Debug|iPhone.ActiveCfg = Debug|Any CPU
		{3B2428E8-44BE-49B3-981E-82693B752BFB}.Debug|iPhone.Build.0 = Debug|Any CPU
		{3B2428E8-44BE-49B3-981E-82693B752BFB}.Debug|iPhoneSimulator.ActiveCfg = Debug|Any CPU
		{3B2428E8-44BE-49B3-981E-82693B752BFB}.Debug|iPhoneSimulator.Build.0 = Debug|Any CPU
		{3B2428E8-44BE-49B3-981E-82693B752BFB}.Debug|x64.ActiveCfg = Debug|Any CPU
		{3B2428E8-44BE-49B3-981E-82693B752BFB}.Debug|x64.Build.0 = Debug|Any CPU
		{3B2428E8-44BE-49B3-981E-82693B752BFB}.Debug|x86.ActiveCfg = Debug|Any CPU
		{3B2428E8-44BE-49B3-981E-82693B752BFB}.Debug|x86.Build.0 = Debug|Any CPU
		{3B2428E8-44BE-49B3-981E-82693B752BFB}.Release|Any CPU.ActiveCfg = Release|Any CPU
		{3B2428E8-44BE-49B3-981E-82693B752BFB}.Release|Any CPU.Build.0 = Release|Any CPU
		{3B2428E8-44BE-49B3-981E-82693B752BFB}.Release|ARM.ActiveCfg = Release|Any CPU
		{3B2428E8-44BE-49B3-981E-82693B752BFB}.Release|ARM.Build.0 = Release|Any CPU
		{3B2428E8-44BE-49B3-981E-82693B752BFB}.Release|iPhone.ActiveCfg = Release|Any CPU
		{3B2428E8-44BE-49B3-981E-82693B752BFB}.Release|iPhone.Build.0 = Release|Any CPU
		{3B2428E8-44BE-49B3-981E-82693B752BFB}.Release|iPhoneSimulator.ActiveCfg = Release|Any CPU
		{3B2428E8-44BE-49B3-981E-82693B752BFB}.Release|iPhoneSimulator.Build.0 = Release|Any CPU
		{3B2428E8-44BE-49B3-981E-82693B752BFB}.Release|x64.ActiveCfg = Release|Any CPU
		{3B2428E8-44BE-49B3-981E-82693B752BFB}.Release|x64.Build.0 = Release|Any CPU
		{3B2428E8-44BE-49B3-981E-82693B752BFB}.Release|x86.ActiveCfg = Release|Any CPU
		{3B2428E8-44BE-49B3-981E-82693B752BFB}.Release|x86.Build.0 = Release|Any CPU
		{D72AA9B5-386C-4B06-A5E5-8B2A851E21E8}.Ad-Hoc|Any CPU.ActiveCfg = Release|x86
		{D72AA9B5-386C-4B06-A5E5-8B2A851E21E8}.Ad-Hoc|Any CPU.Build.0 = Release|x86
		{D72AA9B5-386C-4B06-A5E5-8B2A851E21E8}.Ad-Hoc|Any CPU.Deploy.0 = Release|x86
		{D72AA9B5-386C-4B06-A5E5-8B2A851E21E8}.Ad-Hoc|ARM.ActiveCfg = Release|ARM
		{D72AA9B5-386C-4B06-A5E5-8B2A851E21E8}.Ad-Hoc|ARM.Build.0 = Release|ARM
		{D72AA9B5-386C-4B06-A5E5-8B2A851E21E8}.Ad-Hoc|ARM.Deploy.0 = Release|ARM
		{D72AA9B5-386C-4B06-A5E5-8B2A851E21E8}.Ad-Hoc|iPhone.ActiveCfg = Release|x86
		{D72AA9B5-386C-4B06-A5E5-8B2A851E21E8}.Ad-Hoc|iPhone.Build.0 = Release|x86
		{D72AA9B5-386C-4B06-A5E5-8B2A851E21E8}.Ad-Hoc|iPhone.Deploy.0 = Release|x86
		{D72AA9B5-386C-4B06-A5E5-8B2A851E21E8}.Ad-Hoc|iPhoneSimulator.ActiveCfg = Release|x86
		{D72AA9B5-386C-4B06-A5E5-8B2A851E21E8}.Ad-Hoc|iPhoneSimulator.Build.0 = Release|x86
		{D72AA9B5-386C-4B06-A5E5-8B2A851E21E8}.Ad-Hoc|iPhoneSimulator.Deploy.0 = Release|x86
		{D72AA9B5-386C-4B06-A5E5-8B2A851E21E8}.Ad-Hoc|x64.ActiveCfg = Release|x64
		{D72AA9B5-386C-4B06-A5E5-8B2A851E21E8}.Ad-Hoc|x64.Build.0 = Release|x64
		{D72AA9B5-386C-4B06-A5E5-8B2A851E21E8}.Ad-Hoc|x64.Deploy.0 = Release|x64
		{D72AA9B5-386C-4B06-A5E5-8B2A851E21E8}.Ad-Hoc|x86.ActiveCfg = Release|x86
		{D72AA9B5-386C-4B06-A5E5-8B2A851E21E8}.Ad-Hoc|x86.Build.0 = Release|x86
		{D72AA9B5-386C-4B06-A5E5-8B2A851E21E8}.Ad-Hoc|x86.Deploy.0 = Release|x86
		{D72AA9B5-386C-4B06-A5E5-8B2A851E21E8}.AppStore|Any CPU.ActiveCfg = Release|x86
		{D72AA9B5-386C-4B06-A5E5-8B2A851E21E8}.AppStore|Any CPU.Build.0 = Release|x86
		{D72AA9B5-386C-4B06-A5E5-8B2A851E21E8}.AppStore|Any CPU.Deploy.0 = Release|x86
		{D72AA9B5-386C-4B06-A5E5-8B2A851E21E8}.AppStore|ARM.ActiveCfg = Release|ARM
		{D72AA9B5-386C-4B06-A5E5-8B2A851E21E8}.AppStore|ARM.Build.0 = Release|ARM
		{D72AA9B5-386C-4B06-A5E5-8B2A851E21E8}.AppStore|ARM.Deploy.0 = Release|ARM
		{D72AA9B5-386C-4B06-A5E5-8B2A851E21E8}.AppStore|iPhone.ActiveCfg = Release|x86
		{D72AA9B5-386C-4B06-A5E5-8B2A851E21E8}.AppStore|iPhone.Build.0 = Release|x86
		{D72AA9B5-386C-4B06-A5E5-8B2A851E21E8}.AppStore|iPhone.Deploy.0 = Release|x86
		{D72AA9B5-386C-4B06-A5E5-8B2A851E21E8}.AppStore|iPhoneSimulator.ActiveCfg = Release|x86
		{D72AA9B5-386C-4B06-A5E5-8B2A851E21E8}.AppStore|iPhoneSimulator.Build.0 = Release|x86
		{D72AA9B5-386C-4B06-A5E5-8B2A851E21E8}.AppStore|iPhoneSimulator.Deploy.0 = Release|x86
		{D72AA9B5-386C-4B06-A5E5-8B2A851E21E8}.AppStore|x64.ActiveCfg = Release|x64
		{D72AA9B5-386C-4B06-A5E5-8B2A851E21E8}.AppStore|x64.Build.0 = Release|x64
		{D72AA9B5-386C-4B06-A5E5-8B2A851E21E8}.AppStore|x64.Deploy.0 = Release|x64
		{D72AA9B5-386C-4B06-A5E5-8B2A851E21E8}.AppStore|x86.ActiveCfg = Release|x86
		{D72AA9B5-386C-4B06-A5E5-8B2A851E21E8}.AppStore|x86.Build.0 = Release|x86
		{D72AA9B5-386C-4B06-A5E5-8B2A851E21E8}.AppStore|x86.Deploy.0 = Release|x86
		{D72AA9B5-386C-4B06-A5E5-8B2A851E21E8}.Debug|Any CPU.ActiveCfg = Debug|x86
		{D72AA9B5-386C-4B06-A5E5-8B2A851E21E8}.Debug|ARM.ActiveCfg = Debug|ARM
		{D72AA9B5-386C-4B06-A5E5-8B2A851E21E8}.Debug|ARM.Build.0 = Debug|ARM
		{D72AA9B5-386C-4B06-A5E5-8B2A851E21E8}.Debug|ARM.Deploy.0 = Debug|ARM
		{D72AA9B5-386C-4B06-A5E5-8B2A851E21E8}.Debug|iPhone.ActiveCfg = Debug|x86
		{D72AA9B5-386C-4B06-A5E5-8B2A851E21E8}.Debug|iPhoneSimulator.ActiveCfg = Debug|x86
		{D72AA9B5-386C-4B06-A5E5-8B2A851E21E8}.Debug|x64.ActiveCfg = Debug|x64
		{D72AA9B5-386C-4B06-A5E5-8B2A851E21E8}.Debug|x64.Build.0 = Debug|x64
		{D72AA9B5-386C-4B06-A5E5-8B2A851E21E8}.Debug|x64.Deploy.0 = Debug|x64
		{D72AA9B5-386C-4B06-A5E5-8B2A851E21E8}.Debug|x86.ActiveCfg = Debug|x86
		{D72AA9B5-386C-4B06-A5E5-8B2A851E21E8}.Debug|x86.Build.0 = Debug|x86
		{D72AA9B5-386C-4B06-A5E5-8B2A851E21E8}.Debug|x86.Deploy.0 = Debug|x86
		{D72AA9B5-386C-4B06-A5E5-8B2A851E21E8}.Release|Any CPU.ActiveCfg = Release|x86
		{D72AA9B5-386C-4B06-A5E5-8B2A851E21E8}.Release|ARM.ActiveCfg = Release|ARM
		{D72AA9B5-386C-4B06-A5E5-8B2A851E21E8}.Release|ARM.Build.0 = Release|ARM
		{D72AA9B5-386C-4B06-A5E5-8B2A851E21E8}.Release|ARM.Deploy.0 = Release|ARM
		{D72AA9B5-386C-4B06-A5E5-8B2A851E21E8}.Release|iPhone.ActiveCfg = Release|x86
		{D72AA9B5-386C-4B06-A5E5-8B2A851E21E8}.Release|iPhoneSimulator.ActiveCfg = Release|x86
		{D72AA9B5-386C-4B06-A5E5-8B2A851E21E8}.Release|x64.ActiveCfg = Release|x64
		{D72AA9B5-386C-4B06-A5E5-8B2A851E21E8}.Release|x64.Build.0 = Release|x64
		{D72AA9B5-386C-4B06-A5E5-8B2A851E21E8}.Release|x64.Deploy.0 = Release|x64
		{D72AA9B5-386C-4B06-A5E5-8B2A851E21E8}.Release|x86.ActiveCfg = Release|x86
		{D72AA9B5-386C-4B06-A5E5-8B2A851E21E8}.Release|x86.Build.0 = Release|x86
		{D72AA9B5-386C-4B06-A5E5-8B2A851E21E8}.Release|x86.Deploy.0 = Release|x86
		{4A1A25A9-3CF2-403C-9EA6-E5BA318610AD}.Ad-Hoc|Any CPU.ActiveCfg = Ad-Hoc|iPhone
		{4A1A25A9-3CF2-403C-9EA6-E5BA318610AD}.Ad-Hoc|ARM.ActiveCfg = Ad-Hoc|iPhone
		{4A1A25A9-3CF2-403C-9EA6-E5BA318610AD}.Ad-Hoc|iPhone.ActiveCfg = Ad-Hoc|iPhone
		{4A1A25A9-3CF2-403C-9EA6-E5BA318610AD}.Ad-Hoc|iPhone.Build.0 = Ad-Hoc|iPhone
		{4A1A25A9-3CF2-403C-9EA6-E5BA318610AD}.Ad-Hoc|iPhoneSimulator.ActiveCfg = Ad-Hoc|iPhoneSimulator
		{4A1A25A9-3CF2-403C-9EA6-E5BA318610AD}.Ad-Hoc|iPhoneSimulator.Build.0 = Ad-Hoc|iPhoneSimulator
		{4A1A25A9-3CF2-403C-9EA6-E5BA318610AD}.Ad-Hoc|x64.ActiveCfg = Ad-Hoc|iPhone
		{4A1A25A9-3CF2-403C-9EA6-E5BA318610AD}.Ad-Hoc|x86.ActiveCfg = Ad-Hoc|iPhone
		{4A1A25A9-3CF2-403C-9EA6-E5BA318610AD}.AppStore|Any CPU.ActiveCfg = AppStore|iPhone
		{4A1A25A9-3CF2-403C-9EA6-E5BA318610AD}.AppStore|ARM.ActiveCfg = AppStore|iPhone
		{4A1A25A9-3CF2-403C-9EA6-E5BA318610AD}.AppStore|iPhone.ActiveCfg = AppStore|iPhone
		{4A1A25A9-3CF2-403C-9EA6-E5BA318610AD}.AppStore|iPhone.Build.0 = AppStore|iPhone
		{4A1A25A9-3CF2-403C-9EA6-E5BA318610AD}.AppStore|iPhoneSimulator.ActiveCfg = AppStore|iPhoneSimulator
		{4A1A25A9-3CF2-403C-9EA6-E5BA318610AD}.AppStore|iPhoneSimulator.Build.0 = AppStore|iPhoneSimulator
		{4A1A25A9-3CF2-403C-9EA6-E5BA318610AD}.AppStore|x64.ActiveCfg = AppStore|iPhone
		{4A1A25A9-3CF2-403C-9EA6-E5BA318610AD}.AppStore|x86.ActiveCfg = AppStore|iPhone
		{4A1A25A9-3CF2-403C-9EA6-E5BA318610AD}.Debug|Any CPU.ActiveCfg = Debug|iPhone
		{4A1A25A9-3CF2-403C-9EA6-E5BA318610AD}.Debug|ARM.ActiveCfg = Debug|iPhone
		{4A1A25A9-3CF2-403C-9EA6-E5BA318610AD}.Debug|iPhone.ActiveCfg = Debug|iPhone
		{4A1A25A9-3CF2-403C-9EA6-E5BA318610AD}.Debug|iPhone.Build.0 = Debug|iPhone
		{4A1A25A9-3CF2-403C-9EA6-E5BA318610AD}.Debug|iPhoneSimulator.ActiveCfg = Debug|iPhoneSimulator
		{4A1A25A9-3CF2-403C-9EA6-E5BA318610AD}.Debug|iPhoneSimulator.Build.0 = Debug|iPhoneSimulator
		{4A1A25A9-3CF2-403C-9EA6-E5BA318610AD}.Debug|x64.ActiveCfg = Debug|iPhone
		{4A1A25A9-3CF2-403C-9EA6-E5BA318610AD}.Debug|x86.ActiveCfg = Debug|iPhone
		{4A1A25A9-3CF2-403C-9EA6-E5BA318610AD}.Release|Any CPU.ActiveCfg = Release|iPhone
		{4A1A25A9-3CF2-403C-9EA6-E5BA318610AD}.Release|ARM.ActiveCfg = Release|iPhone
		{4A1A25A9-3CF2-403C-9EA6-E5BA318610AD}.Release|iPhone.ActiveCfg = Release|iPhone
		{4A1A25A9-3CF2-403C-9EA6-E5BA318610AD}.Release|iPhone.Build.0 = Release|iPhone
		{4A1A25A9-3CF2-403C-9EA6-E5BA318610AD}.Release|iPhoneSimulator.ActiveCfg = Release|iPhoneSimulator
		{4A1A25A9-3CF2-403C-9EA6-E5BA318610AD}.Release|iPhoneSimulator.Build.0 = Release|iPhoneSimulator
		{4A1A25A9-3CF2-403C-9EA6-E5BA318610AD}.Release|x64.ActiveCfg = Release|iPhone
		{4A1A25A9-3CF2-403C-9EA6-E5BA318610AD}.Release|x86.ActiveCfg = Release|iPhone
	EndGlobalSection
	GlobalSection(SolutionProperties) = preSolution
		HideSolutionNode = FALSE
	EndGlobalSection
EndGlobal
